
Microsoft Visual Studio Solution File, Format Version 12.00
# Visual Studio 15
VisualStudioVersion = 15.0.28307.136
MinimumVisualStudioVersion = 10.0.40219.1
Project("{8BC9CEB8-8B4A-11D0-8D11-00A0C91BC942}") = "Project13", "Project13\Project13.vcxproj", "{657AF351-A7B6-4A20-98DC-DA4E8445DAA9}"
EndProject
Global
	GlobalSection(SolutionConfigurationPlatforms) = preSolution
		Debug|x64 = Debug|x64
		Debug|x86 = Debug|x86
		Release|x64 = Release|x64
		Release|x86 = Release|x86
	EndGlobalSection
	GlobalSection(ProjectConfigurationPlatforms) = postSolution
		{657AF351-A7B6-4A20-98DC-DA4E8445DAA9}.Debug|x64.ActiveCfg = Debug|x64
		{657AF351-A7B6-4A20-98DC-DA4E8445DAA9}.Debug|x64.Build.0 = Debug|x64
		{657AF351-A7B6-4A20-98DC-DA4E8445DAA9}.Debug|x86.ActiveCfg = Debug|Win32
		{657AF351-A7B6-4A20-98DC-DA4E8445DAA9}.Debug|x86.Build.0 = Debug|Win32
		{657AF351-A7B6-4A20-98DC-DA4E8445DAA9}.Release|x64.ActiveCfg = Release|x64
		{657AF351-A7B6-4A20-98DC-DA4E8445DAA9}.Release|x64.Build.0 = Release|x64
		{657AF351-A7B6-4A20-98DC-DA4E8445DAA9}.Release|x86.ActiveCfg = Release|Win32
		{657AF351-A7B6-4A20-98DC-DA4E8445DAA9}.Release|x86.Build.0 = Release|Win32
	EndGlobalSection
	GlobalSection(SolutionProperties) = preSolution
		HideSolutionNode = FALSE
	EndGlobalSection
	GlobalSection(ExtensibilityGlobals) = postSolution
		SolutionGuid = {4C8CF690-63A8-4B9D-91BB-C7EFF3CA0FB7}
	EndGlobalSection
EndGlobal
